
Microsoft Visual Studio Solution File, Format Version 12.00
# Visual Studio 2012
Project("{FAE04EC0-301F-11D3-BF4B-00C04F79EFBC}") = "ControlDrones", "ControlDrones\ControlDrones.csproj", "{2DF34D70-BCAF-4D56-88D6-6E2253215C16}"
EndProject
Global
	GlobalSection(SolutionConfigurationPlatforms) = preSolution
		Debug|Any CPU = Debug|Any CPU
		Release|Any CPU = Release|Any CPU
	EndGlobalSection
	GlobalSection(ProjectConfigurationPlatforms) = postSolution
		{2DF34D70-BCAF-4D56-88D6-6E2253215C16}.Debug|Any CPU.ActiveCfg = Debug|Any CPU
		{2DF34D70-BCAF-4D56-88D6-6E2253215C16}.Debug|Any CPU.Build.0 = Debug|Any CPU
		{2DF34D70-BCAF-4D56-88D6-6E2253215C16}.Release|Any CPU.ActiveCfg = Release|Any CPU
		{2DF34D70-BCAF-4D56-88D6-6E2253215C16}.Release|Any CPU.Build.0 = Release|Any CPU
	EndGlobalSection
	GlobalSection(SolutionProperties) = preSolution
		HideSolutionNode = FALSE
	EndGlobalSection
EndGlobal
